// !$*UTF8*$!
{
	archiveVersion = 1;
	classes = {
	};
	objectVersion = 48;
	objects = {

/* Begin PBXBuildFile section */
		5910ED69205CB6DB006B7440 /* AppDelegate.swift in Sources */ = {isa = PBXBuildFile; fileRef = 5910ED68205CB6DB006B7440 /* AppDelegate.swift */; };
		5910ED6B205CB6DB006B7440 /* ViewController.swift in Sources */ = {isa = PBXBuildFile; fileRef = 5910ED6A205CB6DB006B7440 /* ViewController.swift */; };
		5910ED6E205CB6DB006B7440 /* Main.storyboard in Resources */ = {isa = PBXBuildFile; fileRef = 5910ED6C205CB6DB006B7440 /* Main.storyboard */; };
		5910ED70205CB6DB006B7440 /* Assets.xcassets in Resources */ = {isa = PBXBuildFile; fileRef = 5910ED6F205CB6DB006B7440 /* Assets.xcassets */; };
		5910ED73205CB6DB006B7440 /* LaunchScreen.storyboard in Resources */ = {isa = PBXBuildFile; fileRef = 5910ED71205CB6DB006B7440 /* LaunchScreen.storyboard */; };
		5910ED7E205CB6DB006B7440 /* A111Tests.swift in Sources */ = {isa = PBXBuildFile; fileRef = 5910ED7D205CB6DB006B7440 /* A111Tests.swift */; };
		5910ED89205CB6DB006B7440 /* A111UITests.swift in Sources */ = {isa = PBXBuildFile; fileRef = 5910ED88205CB6DB006B7440 /* A111UITests.swift */; };
/* End PBXBuildFile section */

/* Begin PBXContainerItemProxy section */
		5910ED7A205CB6DB006B7440 /* PBXContainerItemProxy */ = {
			isa = PBXContainerItemProxy;
			containerPortal = 5910ED5D205CB6DB006B7440 /* Project object */;
			proxyType = 1;
			remoteGlobalIDString = 5910ED64205CB6DB006B7440;
			remoteInfo = A111;
		};
		5910ED85205CB6DB006B7440 /* PBXContainerItemProxy */ = {
			isa = PBXContainerItemProxy;
			containerPortal = 5910ED5D205CB6DB006B7440 /* Project object */;
			proxyType = 1;
			remoteGlobalIDString = 5910ED64205CB6DB006B7440;
			remoteInfo = A111;
		};
/* End PBXContainerItemProxy section */

/* Begin PBXFileReference section */
		5910ED65205CB6DB006B7440 /* A111.app */ = {isa = PBXFileReference; explicitFileType = wrapper.application; includeInIndex = 0; path = A111.app; sourceTree = BUILT_PRODUCTS_DIR; };
		5910ED68205CB6DB006B7440 /* AppDelegate.swift */ = {isa = PBXFileReference; lastKnownFileType = sourcecode.swift; path = AppDelegate.swift; sourceTree = "<group>"; };
		5910ED6A205CB6DB006B7440 /* ViewController.swift */ = {isa = PBXFileReference; lastKnownFileType = sourcecode.swift; path = ViewController.swift; sourceTree = "<group>"; };
		5910ED6D205CB6DB006B7440 /* Base */ = {isa = PBXFileReference; lastKnownFileType = file.storyboard; name = Base; path = Base.lproj/Main.storyboard; sourceTree = "<group>"; };
		5910ED6F205CB6DB006B7440 /* Assets.xcassets */ = {isa = PBXFileReference; lastKnownFileType = folder.assetcatalog; path = Assets.xcassets; sourceTree = "<group>"; };
		5910ED72205CB6DB006B7440 /* Base */ = {isa = PBXFileReference; lastKnownFileType = file.storyboard; name = Base; path = Base.lproj/LaunchScreen.storyboard; sourceTree = "<group>"; };
		5910ED74205CB6DB006B7440 /* Info.plist */ = {isa = PBXFileReference; lastKnownFileType = text.plist.xml; path = Info.plist; sourceTree = "<group>"; };
		5910ED79205CB6DB006B7440 /* A111Tests.xctest */ = {isa = PBXFileReference; explicitFileType = wrapper.cfbundle; includeInIndex = 0; path = A111Tests.xctest; sourceTree = BUILT_PRODUCTS_DIR; };
		5910ED7D205CB6DB006B7440 /* A111Tests.swift */ = {isa = PBXFileReference; lastKnownFileType = sourcecode.swift; path = A111Tests.swift; sourceTree = "<group>"; };
		5910ED7F205CB6DB006B7440 /* Info.plist */ = {isa = PBXFileReference; lastKnownFileType = text.plist.xml; path = Info.plist; sourceTree = "<group>"; };
		5910ED84205CB6DB006B7440 /* A111UITests.xctest */ = {isa = PBXFileReference; explicitFileType = wrapper.cfbundle; includeInIndex = 0; path = A111UITests.xctest; sourceTree = BUILT_PRODUCTS_DIR; };
		5910ED88205CB6DB006B7440 /* A111UITests.swift */ = {isa = PBXFileReference; lastKnownFileType = sourcecode.swift; path = A111UITests.swift; sourceTree = "<group>"; };
		5910ED8A205CB6DB006B7440 /* Info.plist */ = {isa = PBXFileReference; lastKnownFileType = text.plist.xml; path = Info.plist; sourceTree = "<group>"; };
/* End PBXFileReference section */

/* Begin PBXFrameworksBuildPhase section */
		5910ED62205CB6DB006B7440 /* Frameworks */ = {
			isa = PBXFrameworksBuildPhase;
			buildActionMask = 2147483647;
			files = (
			);
			runOnlyForDeploymentPostprocessing = 0;
		};
		5910ED76205CB6DB006B7440 /* Frameworks */ = {
			isa = PBXFrameworksBuildPhase;
			buildActionMask = 2147483647;
			files = (
			);
			runOnlyForDeploymentPostprocessing = 0;
		};
		5910ED81205CB6DB006B7440 /* Frameworks */ = {
			isa = PBXFrameworksBuildPhase;
			buildActionMask = 2147483647;
			files = (
			);
			runOnlyForDeploymentPostprocessing = 0;
		};
/* End PBXFrameworksBuildPhase section */

/* Begin PBXGroup section */
		5910ED5C205CB6DB006B7440 = {
			isa = PBXGroup;
			children = (
				5910ED67205CB6DB006B7440 /* A111 */,
				5910ED7C205CB6DB006B7440 /* A111Tests */,
				5910ED87205CB6DB006B7440 /* A111UITests */,
				5910ED66205CB6DB006B7440 /* Products */,
			);
			sourceTree = "<group>";
		};
		5910ED66205CB6DB006B7440 /* Products */ = {
			isa = PBXGroup;
			children = (
				5910ED65205CB6DB006B7440 /* A111.app */,
				5910ED79205CB6DB006B7440 /* A111Tests.xctest */,
				5910ED84205CB6DB006B7440 /* A111UITests.xctest */,
			);
			name = Products;
			sourceTree = "<group>";
		};
		5910ED67205CB6DB006B7440 /* A111 */ = {
			isa = PBXGroup;
			children = (
				5910ED68205CB6DB006B7440 /* AppDelegate.swift */,
				5910ED6A205CB6DB006B7440 /* ViewController.swift */,
				5910ED6C205CB6DB006B7440 /* Main.storyboard */,
				5910ED6F205CB6DB006B7440 /* Assets.xcassets */,
				5910ED71205CB6DB006B7440 /* LaunchScreen.storyboard */,
				5910ED74205CB6DB006B7440 /* Info.plist */,
			);
			path = A111;
			sourceTree = "<group>";
		};
		5910ED7C205CB6DB006B7440 /* A111Tests */ = {
			isa = PBXGroup;
			children = (
				5910ED7D205CB6DB006B7440 /* A111Tests.swift */,
				5910ED7F205CB6DB006B7440 /* Info.plist */,
			);
			path = A111Tests;
			sourceTree = "<group>";
		};
		5910ED87205CB6DB006B7440 /* A111UITests */ = {
			isa = PBXGroup;
			children = (
				5910ED88205CB6DB006B7440 /* A111UITests.swift */,
				5910ED8A205CB6DB006B7440 /* Info.plist */,
			);
			path = A111UITests;
			sourceTree = "<group>";
		};
/* End PBXGroup section */

/* Begin PBXNativeTarget section */
		5910ED64205CB6DB006B7440 /* A111 */ = {
			isa = PBXNativeTarget;
			buildConfigurationList = 5910ED8D205CB6DB006B7440 /* Build configuration list for PBXNativeTarget "A111" */;
			buildPhases = (
				5910ED61205CB6DB006B7440 /* Sources */,
				5910ED62205CB6DB006B7440 /* Frameworks */,
				5910ED63205CB6DB006B7440 /* Resources */,
			);
			buildRules = (
			);
			dependencies = (
			);
			name = A111;
			productName = A111;
			productReference = 5910ED65205CB6DB006B7440 /* A111.app */;
			productType = "com.apple.product-type.application";
		};
		5910ED78205CB6DB006B7440 /* A111Tests */ = {
			isa = PBXNativeTarget;
			buildConfigurationList = 5910ED90205CB6DB006B7440 /* Build configuration list for PBXNativeTarget "A111Tests" */;
			buildPhases = (
				5910ED75205CB6DB006B7440 /* Sources */,
				5910ED76205CB6DB006B7440 /* Frameworks */,
				5910ED77205CB6DB006B7440 /* Resources */,
			);
			buildRules = (
			);
			dependencies = (
				5910ED7B205CB6DB006B7440 /* PBXTargetDependency */,
			);
			name = A111Tests;
			productName = A111Tests;
			productReference = 5910ED79205CB6DB006B7440 /* A111Tests.xctest */;
			productType = "com.apple.product-type.bundle.unit-test";
		};
		5910ED83205CB6DB006B7440 /* A111UITests */ = {
			isa = PBXNativeTarget;
			buildConfigurationList = 5910ED93205CB6DB006B7440 /* Build configuration list for PBXNativeTarget "A111UITests" */;
			buildPhases = (
				5910ED80205CB6DB006B7440 /* Sources */,
				5910ED81205CB6DB006B7440 /* Frameworks */,
				5910ED82205CB6DB006B7440 /* Resources */,
			);
			buildRules = (
			);
			dependencies = (
				5910ED86205CB6DB006B7440 /* PBXTargetDependency */,
			);
			name = A111UITests;
			productName = A111UITests;
			productReference = 5910ED84205CB6DB006B7440 /* A111UITests.xctest */;
			productType = "com.apple.product-type.bundle.ui-testing";
		};
/* End PBXNativeTarget section */

/* Begin PBXProject section */
		5910ED5D205CB6DB006B7440 /* Project object */ = {
			isa = PBXProject;
			attributes = {
				LastSwiftUpdateCheck = 0920;
				LastUpgradeCheck = 0920;
				ORGANIZATIONNAME = "范博勝";
				TargetAttributes = {
					5910ED64205CB6DB006B7440 = {
						CreatedOnToolsVersion = 9.2;
						ProvisioningStyle = Automatic;
					};
					5910ED78205CB6DB006B7440 = {
						CreatedOnToolsVersion = 9.2;
						ProvisioningStyle = Automatic;
						TestTargetID = 5910ED64205CB6DB006B7440;
					};
					5910ED83205CB6DB006B7440 = {
						CreatedOnToolsVersion = 9.2;
						ProvisioningStyle = Automatic;
						TestTargetID = 5910ED64205CB6DB006B7440;
					};
				};
			};
			buildConfigurationList = 5910ED60205CB6DB006B7440 /* Build configuration list for PBXProject "A111" */;
			compatibilityVersion = "Xcode 8.0";
			developmentRegion = en;
			hasScannedForEncodings = 0;
			knownRegions = (
				en,
				Base,
			);
			mainGroup = 5910ED5C205CB6DB006B7440;
			productRefGroup = 5910ED66205CB6DB006B7440 /* Products */;
			projectDirPath = "";
			projectRoot = "";
			targets = (
				5910ED64205CB6DB006B7440 /* A111 */,
				5910ED78205CB6DB006B7440 /* A111Tests */,
				5910ED83205CB6DB006B7440 /* A111UITests */,
			);
		};
/* End PBXProject section */

/* Begin PBXResourcesBuildPhase section */
		5910ED63205CB6DB006B7440 /* Resources */ = {
			isa = PBXResourcesBuildPhase;
			buildActionMask = 2147483647;
			files = (
				5910ED73205CB6DB006B7440 /* LaunchScreen.storyboard in Resources */,
				5910ED70205CB6DB006B7440 /* Assets.xcassets in Resources */,
				5910ED6E205CB6DB006B7440 /* Main.storyboard in Resources */,
			);
			runOnlyForDeploymentPostprocessing = 0;
		};
		5910ED77205CB6DB006B7440 /* Resources */ = {
			isa = PBXResourcesBuildPhase;
			buildActionMask = 2147483647;
			files = (
			);
			runOnlyForDeploymentPostprocessing = 0;
		};
		5910ED82205CB6DB006B7440 /* Resources */ = {
			isa = PBXResourcesBuildPhase;
			buildActionMask = 2147483647;
			files = (
			);
			runOnlyForDeploymentPostprocessing = 0;
		};
/* End PBXResourcesBuildPhase section */

/* Begin PBXSourcesBuildPhase section */
		5910ED61205CB6DB006B7440 /* Sources */ = {
			isa = PBXSourcesBuildPhase;
			buildActionMask = 2147483647;
			files = (
				5910ED6B205CB6DB006B7440 /* ViewController.swift in Sources */,
				5910ED69205CB6DB006B7440 /* AppDelegate.swift in Sources */,
			);
			runOnlyForDeploymentPostprocessing = 0;
		};
		5910ED75205CB6DB006B7440 /* Sources */ = {
			isa = PBXSourcesBuildPhase;
			buildActionMask = 2147483647;
			files = (
				5910ED7E205CB6DB006B7440 /* A111Tests.swift in Sources */,
			);
			runOnlyForDeploymentPostprocessing = 0;
		};
		5910ED80205CB6DB006B7440 /* Sources */ = {
			isa = PBXSourcesBuildPhase;
			buildActionMask = 2147483647;
			files = (
				5910ED89205CB6DB006B7440 /* A111UITests.swift in Sources */,
			);
			runOnlyForDeploymentPostprocessing = 0;
		};
/* End PBXSourcesBuildPhase section */

/* Begin PBXTargetDependency section */
		5910ED7B205CB6DB006B7440 /* PBXTargetDependency */ = {
			isa = PBXTargetDependency;
			target = 5910ED64205CB6DB006B7440 /* A111 */;
			targetProxy = 5910ED7A205CB6DB006B7440 /* PBXContainerItemProxy */;
		};
		5910ED86205CB6DB006B7440 /* PBXTargetDependency */ = {
			isa = PBXTargetDependency;
			target = 5910ED64205CB6DB006B7440 /* A111 */;
			targetProxy = 5910ED85205CB6DB006B7440 /* PBXContainerItemProxy */;
		};
/* End PBXTargetDependency section */

/* Begin PBXVariantGroup section */
		5910ED6C205CB6DB006B7440 /* Main.storyboard */ = {
			isa = PBXVariantGroup;
			children = (
				5910ED6D205CB6DB006B7440 /* Base */,
			);
			name = Main.storyboard;
			sourceTree = "<group>";
		};
		5910ED71205CB6DB006B7440 /* LaunchScreen.storyboard */ = {
			isa = PBXVariantGroup;
			children = (
				5910ED72205CB6DB006B7440 /* Base */,
			);
			name = LaunchScreen.storyboard;
			sourceTree = "<group>";
		};
/* End PBXVariantGroup section */

/* Begin XCBuildConfiguration section */
		5910ED8B205CB6DB006B7440 /* Debug */ = {
			isa = XCBuildConfiguration;
			buildSettings = {
				ALWAYS_SEARCH_USER_PATHS = NO;
				CLANG_ANALYZER_NONNULL = YES;
				CLANG_ANALYZER_NUMBER_OBJECT_CONVERSION = YES_AGGRESSIVE;
				CLANG_CXX_LANGUAGE_STANDARD = "gnu++14";
				CLANG_CXX_LIBRARY = "libc++";
				CLANG_ENABLE_MODULES = YES;
				CLANG_ENABLE_OBJC_ARC = YES;
				CLANG_WARN_BLOCK_CAPTURE_AUTORELEASING = YES;
				CLANG_WARN_BOOL_CONVERSION = YES;
				CLANG_WARN_COMMA = YES;
				CLANG_WARN_CONSTANT_CONVERSION = YES;
				CLANG_WARN_DIRECT_OBJC_ISA_USAGE = YES_ERROR;
				CLANG_WARN_DOCUMENTATION_COMMENTS = YES;
				CLANG_WARN_EMPTY_BODY = YES;
				CLANG_WARN_ENUM_CONVERSION = YES;
				CLANG_WARN_INFINITE_RECURSION = YES;
				CLANG_WARN_INT_CONVERSION = YES;
				CLANG_WARN_NON_LITERAL_NULL_CONVERSION = YES;
				CLANG_WARN_OBJC_LITERAL_CONVERSION = YES;
				CLANG_WARN_OBJC_ROOT_CLASS = YES_ERROR;
				CLANG_WARN_RANGE_LOOP_ANALYSIS = YES;
				CLANG_WARN_STRICT_PROTOTYPES = YES;
				CLANG_WARN_SUSPICIOUS_MOVE = YES;
				CLANG_WARN_UNGUARDED_AVAILABILITY = YES_AGGRESSIVE;
				CLANG_WARN_UNREACHABLE_CODE = YES;
				CLANG_WARN__DUPLICATE_METHOD_MATCH = YES;
				CODE_SIGN_IDENTITY = "iPhone Developer";
				COPY_PHASE_STRIP = NO;
				DEBUG_INFORMATION_FORMAT = dwarf;
				ENABLE_STRICT_OBJC_MSGSEND = YES;
				ENABLE_TESTABILITY = YES;
				GCC_C_LANGUAGE_STANDARD = gnu11;
				GCC_DYNAMIC_NO_PIC = NO;
				GCC_NO_COMMON_BLOCKS = YES;
				GCC_OPTIMIZATION_LEVEL = 0;
				GCC_PREPROCESSOR_DEFINITIONS = (
					"DEBUG=1",
					"$(inherited)",
				);
				GCC_WARN_64_TO_32_BIT_CONVERSION = YES;
				GCC_WARN_ABOUT_RETURN_TYPE = YES_ERROR;
				GCC_WARN_UNDECLARED_SELECTOR = YES;
				GCC_WARN_UNINITIALIZED_AUTOS = YES_AGGRESSIVE;
				GCC_WARN_UNUSED_FUNCTION = YES;
				GCC_WARN_UNUSED_VARIABLE = YES;
				IPHONEOS_DEPLOYMENT_TARGET = 11.2;
				MTL_ENABLE_DEBUG_INFO = YES;
				ONLY_ACTIVE_ARCH = YES;
				SDKROOT = iphoneos;
				SWIFT_ACTIVE_COMPILATION_CONDITIONS = DEBUG;
				SWIFT_OPTIMIZATION_LEVEL = "-Onone";
			};
			name = Debug;
		};
		5910ED8C205CB6DB006B7440 /* Release */ = {
			isa = XCBuildConfiguration;
			buildSettings = {
				ALWAYS_SEARCH_USER_PATHS = NO;
				CLANG_ANALYZER_NONNULL = YES;
				CLANG_ANALYZER_NUMBER_OBJECT_CONVERSION = YES_AGGRESSIVE;
				CLANG_CXX_LANGUAGE_STANDARD = "gnu++14";
				CLANG_CXX_LIBRARY = "libc++";
				CLANG_ENABLE_MODULES = YES;
				CLANG_ENABLE_OBJC_ARC = YES;
				CLANG_WARN_BLOCK_CAPTURE_AUTORELEASING = YES;
				CLANG_WARN_BOOL_CONVERSION = YES;
				CLANG_WARN_COMMA = YES;
				CLANG_WARN_CONSTANT_CONVERSION = YES;
				CLANG_WARN_DIRECT_OBJC_ISA_USAGE = YES_ERROR;
				CLANG_WARN_DOCUMENTATION_COMMENTS = YES;
				CLANG_WARN_EMPTY_BODY = YES;
				CLANG_WARN_ENUM_CONVERSION = YES;
				CLANG_WARN_INFINITE_RECURSION = YES;
				CLANG_WARN_INT_CONVERSION = YES;
				CLANG_WARN_NON_LITERAL_NULL_CONVERSION = YES;
				CLANG_WARN_OBJC_LITERAL_CONVERSION = YES;
				CLANG_WARN_OBJC_ROOT_CLASS = YES_ERROR;
				CLANG_WARN_RANGE_LOOP_ANALYSIS = YES;
				CLANG_WARN_STRICT_PROTOTYPES = YES;
				CLANG_WARN_SUSPICIOUS_MOVE = YES;
				CLANG_WARN_UNGUARDED_AVAILABILITY = YES_AGGRESSIVE;
				CLANG_WARN_UNREACHABLE_CODE = YES;
				CLANG_WARN__DUPLICATE_METHOD_MATCH = YES;
				CODE_SIGN_IDENTITY = "iPhone Developer";
				COPY_PHASE_STRIP = NO;
				DEBUG_INFORMATION_FORMAT = "dwarf-with-dsym";
				ENABLE_NS_ASSERTIONS = NO;
				ENABLE_STRICT_OBJC_MSGSEND = YES;
				GCC_C_LANGUAGE_STANDARD = gnu11;
				GCC_NO_COMMON_BLOCKS = YES;
				GCC_WARN_64_TO_32_BIT_CONVERSION = YES;
				GCC_WARN_ABOUT_RETURN_TYPE = YES_ERROR;
				GCC_WARN_UNDECLARED_SELECTOR = YES;
				GCC_WARN_UNINITIALIZED_AUTOS = YES_AGGRESSIVE;
				GCC_WARN_UNUSED_FUNCTION = YES;
				GCC_WARN_UNUSED_VARIABLE = YES;
				IPHONEOS_DEPLOYMENT_TARGET = 11.2;
				MTL_ENABLE_DEBUG_INFO = NO;
				SDKROOT = iphoneos;
				SWIFT_OPTIMIZATION_LEVEL = "-Owholemodule";
				VALIDATE_PRODUCT = YES;
			};
			name = Release;
		};
		5910ED8E205CB6DB006B7440 /* Debug */ = {
			isa = XCBuildConfiguration;
			buildSettings = {
				ASSETCATALOG_COMPILER_APPICON_NAME = AppIcon;
				CODE_SIGN_STYLE = Automatic;
				DEVELOPMENT_TEAM = A6H5JP5GD9;
				INFOPLIST_FILE = A111/Info.plist;
				IPHONEOS_DEPLOYMENT_TARGET = 11.2;
				LD_RUNPATH_SEARCH_PATHS = "$(inherited) @executable_path/Frameworks";
				PRODUCT_BUNDLE_IDENTIFIER = com.fan.A111;
				PRODUCT_NAME = "$(TARGET_NAME)";
				SWIFT_VERSION = 4.0;
				TARGETED_DEVICE_FAMILY = "1,2";
			};
			name = Debug;
		};
		5910ED8F205CB6DB006B7440 /* Release */ = {
			isa = XCBuildConfiguration;
			buildSettings = {
				ASSETCATALOG_COMPILER_APPICON_NAME = AppIcon;
				CODE_SIGN_STYLE = Automatic;
				DEVELOPMENT_TEAM = A6H5JP5GD9;
				INFOPLIST_FILE = A111/Info.plist;
				IPHONEOS_DEPLOYMENT_TARGET = 11.2;
				LD_RUNPATH_SEARCH_PATHS = "$(inherited) @executable_path/Frameworks";
				PRODUCT_BUNDLE_IDENTIFIER = com.fan.A111;
				PRODUCT_NAME = "$(TARGET_NAME)";
				SWIFT_VERSION = 4.0;
				TARGETED_DEVICE_FAMILY = "1,2";
			};
			name = Release;
		};
		5910ED91205CB6DB006B7440 /* Debug */ = {
			isa = XCBuildConfiguration;
			buildSettings = {
				ALWAYS_EMBED_SWIFT_STANDARD_LIBRARIES = YES;
				BUNDLE_LOADER = "$(TEST_HOST)";
				CODE_SIGN_STYLE = Automatic;
				INFOPLIST_FILE = A111Tests/Info.plist;
				LD_RUNPATH_SEARCH_PATHS = "$(inherited) @executable_path/Frameworks @loader_path/Frameworks";
				PRODUCT_BUNDLE_IDENTIFIER = com.fan.A111Tests;
				PRODUCT_NAME = "$(TARGET_NAME)";
				SWIFT_VERSION = 4.0;
				TARGETED_DEVICE_FAMILY = "1,2";
				TEST_HOST = "$(BUILT_PRODUCTS_DIR)/A111.app/A111";
			};
			name = Debug;
		};
		5910ED92205CB6DB006B7440 /* Release */ = {
			isa = XCBuildConfiguration;
			buildSettings = {
				ALWAYS_EMBED_SWIFT_STANDARD_LIBRARIES = YES;
				BUNDLE_LOADER = "$(TEST_HOST)";
				CODE_SIGN_STYLE = Automatic;
				INFOPLIST_FILE = A111Tests/Info.plist;
				LD_RUNPATH_SEARCH_PATHS = "$(inherited) @executable_path/Frameworks @loader_path/Frameworks";
				PRODUCT_BUNDLE_IDENTIFIER = com.fan.A111Tests;
				PRODUCT_NAME = "$(TARGET_NAME)";
				SWIFT_VERSION = 4.0;
				TARGETED_DEVICE_FAMILY = "1,2";
				TEST_HOST = "$(BUILT_PRODUCTS_DIR)/A111.app/A111";
			};
			name = Release;
		};
		5910ED94205CB6DB006B7440 /* Debug */ = {
			isa = XCBuildConfiguration;
			buildSettings = {
				ALWAYS_EMBED_SWIFT_STANDARD_LIBRARIES = YES;
				CODE_SIGN_STYLE = Automatic;
				INFOPLIST_FILE = A111UITests/Info.plist;
				LD_RUNPATH_SEARCH_PATHS = "$(inherited) @executable_path/Frameworks @loader_path/Frameworks";
				PRODUCT_BUNDLE_IDENTIFIER = com.fan.A111UITests;
				PRODUCT_NAME = "$(TARGET_NAME)";
				SWIFT_VERSION = 4.0;
				TARGETED_DEVICE_FAMILY = "1,2";
				TEST_TARGET_NAME = A111;
			};
			name = Debug;
		};
		5910ED95205CB6DB006B7440 /* Release */ = {
			isa = XCBuildConfiguration;
			buildSettings = {
				ALWAYS_EMBED_SWIFT_STANDARD_LIBRARIES = YES;
				CODE_SIGN_STYLE = Automatic;
				INFOPLIST_FILE = A111UITests/Info.plist;
				LD_RUNPATH_SEARCH_PATHS = "$(inherited) @executable_path/Frameworks @loader_path/Frameworks";
				PRODUCT_BUNDLE_IDENTIFIER = com.fan.A111UITests;
				PRODUCT_NAME = "$(TARGET_NAME)";
				SWIFT_VERSION = 4.0;
				TARGETED_DEVICE_FAMILY = "1,2";
				TEST_TARGET_NAME = A111;
			};
			name = Release;
		};
/* End XCBuildConfiguration section */

/* Begin XCConfigurationList section */
		5910ED60205CB6DB006B7440 /* Build configuration list for PBXProject "A111" */ = {
			isa = XCConfigurationList;
			buildConfigurations = (
				5910ED8B205CB6DB006B7440 /* Debug */,
				5910ED8C205CB6DB006B7440 /* Release */,
			);
			defaultConfigurationIsVisible = 0;
			defaultConfigurationName = Release;
		};
		5910ED8D205CB6DB006B7440 /* Build configuration list for PBXNativeTarget "A111" */ = {
			isa = XCConfigurationList;
			buildConfigurations = (
				5910ED8E205CB6DB006B7440 /* Debug */,
				5910ED8F205CB6DB006B7440 /* Release */,
			);
			defaultConfigurationIsVisible = 0;
			defaultConfigurationName = Release;
		};
		5910ED90205CB6DB006B7440 /* Build configuration list for PBXNativeTarget "A111Tests" */ = {
			isa = XCConfigurationList;
			buildConfigurations = (
				5910ED91205CB6DB006B7440 /* Debug */,
				5910ED92205CB6DB006B7440 /* Release */,
			);
			defaultConfigurationIsVisible = 0;
			defaultConfigurationName = Release;
		};
		5910ED93205CB6DB006B7440 /* Build configuration list for PBXNativeTarget "A111UITests" */ = {
			isa = XCConfigurationList;
			buildConfigurations = (
				5910ED94205CB6DB006B7440 /* Debug */,
				5910ED95205CB6DB006B7440 /* Release */,
			);
			defaultConfigurationIsVisible = 0;
			defaultConfigurationName = Release;
		};
/* End XCConfigurationList section */
	};
	rootObject = 5910ED5D205CB6DB006B7440 /* Project object */;
}
